
Microsoft Visual Studio Solution File, Format Version 12.00
Project("{FAE04EC0-301F-11D3-BF4B-00C04F79EFBC}") = "ScoringService", "ScoringService\ScoringService.csproj", "{40555D17-0366-4AFF-BA79-D82321601638}"
EndProject
Project("{FAE04EC0-301F-11D3-BF4B-00C04F79EFBC}") = "ScoringServiceUnit.Tests", "ScoringServiceUnit.Tests\ScoringServiceUnit.Tests.csproj", "{4D86011C-26A8-4957-9E88-5BCF7EBE1A15}"
EndProject
Project("{FAE04EC0-301F-11D3-BF4B-00C04F79EFBC}") = "ScoringServiceIntegration.Tests", "ScoringServiceIntegration.Tests\ScoringServiceIntegration.Tests.csproj", "{0F8EEB84-8FD4-4823-AD44-F57C649E772C}"
EndProject
Global
	GlobalSection(SolutionConfigurationPlatforms) = preSolution
		Debug|Any CPU = Debug|Any CPU
		Release|Any CPU = Release|Any CPU
	EndGlobalSection
	GlobalSection(ProjectConfigurationPlatforms) = postSolution
		{40555D17-0366-4AFF-BA79-D82321601638}.Debug|Any CPU.ActiveCfg = Debug|Any CPU
		{40555D17-0366-4AFF-BA79-D82321601638}.Debug|Any CPU.Build.0 = Debug|Any CPU
		{40555D17-0366-4AFF-BA79-D82321601638}.Release|Any CPU.ActiveCfg = Release|Any CPU
		{40555D17-0366-4AFF-BA79-D82321601638}.Release|Any CPU.Build.0 = Release|Any CPU
		{4D86011C-26A8-4957-9E88-5BCF7EBE1A15}.Debug|Any CPU.ActiveCfg = Debug|Any CPU
		{4D86011C-26A8-4957-9E88-5BCF7EBE1A15}.Debug|Any CPU.Build.0 = Debug|Any CPU
		{4D86011C-26A8-4957-9E88-5BCF7EBE1A15}.Release|Any CPU.ActiveCfg = Release|Any CPU
		{4D86011C-26A8-4957-9E88-5BCF7EBE1A15}.Release|Any CPU.Build.0 = Release|Any CPU
		{0F8EEB84-8FD4-4823-AD44-F57C649E772C}.Debug|Any CPU.ActiveCfg = Debug|Any CPU
		{0F8EEB84-8FD4-4823-AD44-F57C649E772C}.Debug|Any CPU.Build.0 = Debug|Any CPU
		{0F8EEB84-8FD4-4823-AD44-F57C649E772C}.Release|Any CPU.ActiveCfg = Release|Any CPU
		{0F8EEB84-8FD4-4823-AD44-F57C649E772C}.Release|Any CPU.Build.0 = Release|Any CPU
	EndGlobalSection
EndGlobal
